
Microsoft Visual Studio Solution File, Format Version 12.00
# Visual Studio Version 16
VisualStudioVersion = 16.0.33423.256
MinimumVisualStudioVersion = 10.0.40219.1
Project("{9A19103F-16F7-4668-BE54-9A1E7A4F7556}") = "ReformatJson", "ReformatJson.csproj", "{54474147-79BE-489A-A5AD-4F0363F9D2E6}"
EndProject
Project("{FAE04EC0-301F-11D3-BF4B-00C04F79EFBC}") = "ReformatJsonTests", "..\ReformatJsonTests\ReformatJsonTests.csproj", "{EEF36E36-2193-4991-9537-FEF84669645D}"
EndProject
Project("{9A19103F-16F7-4668-BE54-9A1E7A4F7556}") = "JsonTools", "..\..\JsonTools\JsonTools\JsonTools.csproj", "{EE6411BD-38D2-4B8D-AFCD-33B589ED1B3F}"
EndProject
Global
	GlobalSection(SolutionConfigurationPlatforms) = preSolution
		Debug|Any CPU = Debug|Any CPU
		Release|Any CPU = Release|Any CPU
	EndGlobalSection
	GlobalSection(ProjectConfigurationPlatforms) = postSolution
		{54474147-79BE-489A-A5AD-4F0363F9D2E6}.Debug|Any CPU.ActiveCfg = Debug|Any CPU
		{54474147-79BE-489A-A5AD-4F0363F9D2E6}.Debug|Any CPU.Build.0 = Debug|Any CPU
		{54474147-79BE-489A-A5AD-4F0363F9D2E6}.Release|Any CPU.ActiveCfg = Release|Any CPU
		{54474147-79BE-489A-A5AD-4F0363F9D2E6}.Release|Any CPU.Build.0 = Release|Any CPU
		{EEF36E36-2193-4991-9537-FEF84669645D}.Debug|Any CPU.ActiveCfg = Debug|Any CPU
		{EEF36E36-2193-4991-9537-FEF84669645D}.Debug|Any CPU.Build.0 = Debug|Any CPU
		{EEF36E36-2193-4991-9537-FEF84669645D}.Release|Any CPU.ActiveCfg = Release|Any CPU
		{EEF36E36-2193-4991-9537-FEF84669645D}.Release|Any CPU.Build.0 = Release|Any CPU
		{EE6411BD-38D2-4B8D-AFCD-33B589ED1B3F}.Debug|Any CPU.ActiveCfg = Debug|Any CPU
		{EE6411BD-38D2-4B8D-AFCD-33B589ED1B3F}.Debug|Any CPU.Build.0 = Debug|Any CPU
		{EE6411BD-38D2-4B8D-AFCD-33B589ED1B3F}.Release|Any CPU.ActiveCfg = Release|Any CPU
		{EE6411BD-38D2-4B8D-AFCD-33B589ED1B3F}.Release|Any CPU.Build.0 = Release|Any CPU
	EndGlobalSection
	GlobalSection(SolutionProperties) = preSolution
		HideSolutionNode = FALSE
	EndGlobalSection
	GlobalSection(ExtensibilityGlobals) = postSolution
		SolutionGuid = {28FBF296-ECA1-4535-A7F2-23F561893349}
	EndGlobalSection
EndGlobal
